
Microsoft Visual Studio Solution File, Format Version 12.00
# Visual Studio 2013
VisualStudioVersion = 12.0.31101.0
MinimumVisualStudioVersion = 10.0.40219.1
Project("{FAE04EC0-301F-11D3-BF4B-00C04F79EFBC}") = "Recycling.Web", "Recycling.Web\Recycling.Web.csproj", "{AF3D1679-06B0-4EB8-BD02-E6D7C4D533C0}"
EndProject
Project("{FAE04EC0-301F-11D3-BF4B-00C04F79EFBC}") = "Recycling.Web.Tests", "Recycling.Web.Tests\Recycling.Web.Tests.csproj", "{F1033842-6CB6-4571-A7BE-A08F2A3CAE3A}"
EndProject
Project("{2150E333-8FDC-42A3-9474-1A3956D46DE8}") = "PublishScripts", "PublishScripts", "{F3FD0973-C64D-41FF-8EEC-994DA87D8B01}"
	ProjectSection(SolutionItems) = preProject
		PublishScripts\AzureWebsitePublishModule.psm1 = PublishScripts\AzureWebsitePublishModule.psm1
		PublishScripts\Publish-WebApplicationWebsite.ps1 = PublishScripts\Publish-WebApplicationWebsite.ps1
	EndProjectSection
EndProject
Project("{2150E333-8FDC-42A3-9474-1A3956D46DE8}") = "Configurations", "Configurations", "{0F6F54D3-540F-4469-9D08-DC99ECA25652}"
	ProjectSection(SolutionItems) = preProject
		PublishScripts\Configurations\RecyclingWeb-WAWS-dev.json = PublishScripts\Configurations\RecyclingWeb-WAWS-dev.json
	EndProjectSection
EndProject
Global
	GlobalSection(SolutionConfigurationPlatforms) = preSolution
		Debug|Any CPU = Debug|Any CPU
		Release|Any CPU = Release|Any CPU
	EndGlobalSection
	GlobalSection(ProjectConfigurationPlatforms) = postSolution
		{AF3D1679-06B0-4EB8-BD02-E6D7C4D533C0}.Debug|Any CPU.ActiveCfg = Debug|Any CPU
		{AF3D1679-06B0-4EB8-BD02-E6D7C4D533C0}.Debug|Any CPU.Build.0 = Debug|Any CPU
		{AF3D1679-06B0-4EB8-BD02-E6D7C4D533C0}.Release|Any CPU.ActiveCfg = Release|Any CPU
		{AF3D1679-06B0-4EB8-BD02-E6D7C4D533C0}.Release|Any CPU.Build.0 = Release|Any CPU
		{F1033842-6CB6-4571-A7BE-A08F2A3CAE3A}.Debug|Any CPU.ActiveCfg = Debug|Any CPU
		{F1033842-6CB6-4571-A7BE-A08F2A3CAE3A}.Debug|Any CPU.Build.0 = Debug|Any CPU
		{F1033842-6CB6-4571-A7BE-A08F2A3CAE3A}.Release|Any CPU.ActiveCfg = Release|Any CPU
		{F1033842-6CB6-4571-A7BE-A08F2A3CAE3A}.Release|Any CPU.Build.0 = Release|Any CPU
	EndGlobalSection
	GlobalSection(SolutionProperties) = preSolution
		HideSolutionNode = FALSE
	EndGlobalSection
	GlobalSection(NestedProjects) = preSolution
		{0F6F54D3-540F-4469-9D08-DC99ECA25652} = {F3FD0973-C64D-41FF-8EEC-994DA87D8B01}
	EndGlobalSection
EndGlobal
